
Microsoft Visual Studio Solution File, Format Version 12.00
# Visual Studio 15
VisualStudioVersion = 15.0.27703.2035
MinimumVisualStudioVersion = 10.0.40219.1
Project("{9A19103F-16F7-4668-BE54-9A1E7A4F7556}") = "MultipleTargetFrameworks", "MultipleTargetFrameworks\MultipleTargetFrameworks.csproj", "{F5BEACD6-3A0D-4E55-A3C2-4D89BC9430C6}"
EndProject
Project("{FAE04EC0-301F-11D3-BF4B-00C04F79EFBC}") = "ClientApp.Framework452", "ClientApp.Framework452\ClientApp.Framework452.csproj", "{BEEF4C6B-B1EB-43CD-A623-D885751F5432}"
EndProject
Project("{FAE04EC0-301F-11D3-BF4B-00C04F79EFBC}") = "ClientApp.Core20", "ClientApp.Core20\ClientApp.Core20.csproj", "{93C15A00-1CD3-43AA-A788-BBF3C9890CA8}"
EndProject
Project("{FAE04EC0-301F-11D3-BF4B-00C04F79EFBC}") = "ClientApp.Core21", "ClientApp.Core21\ClientApp.Core21.csproj", "{C3125976-D1C8-4B4B-8935-32DF67047D7C}"
EndProject
Global
	GlobalSection(SolutionConfigurationPlatforms) = preSolution
		Debug|Any CPU = Debug|Any CPU
		Release|Any CPU = Release|Any CPU
	EndGlobalSection
	GlobalSection(ProjectConfigurationPlatforms) = postSolution
		{F5BEACD6-3A0D-4E55-A3C2-4D89BC9430C6}.Debug|Any CPU.ActiveCfg = Debug|Any CPU
		{F5BEACD6-3A0D-4E55-A3C2-4D89BC9430C6}.Debug|Any CPU.Build.0 = Debug|Any CPU
		{F5BEACD6-3A0D-4E55-A3C2-4D89BC9430C6}.Release|Any CPU.ActiveCfg = Release|Any CPU
		{F5BEACD6-3A0D-4E55-A3C2-4D89BC9430C6}.Release|Any CPU.Build.0 = Release|Any CPU
		{BEEF4C6B-B1EB-43CD-A623-D885751F5432}.Debug|Any CPU.ActiveCfg = Debug|Any CPU
		{BEEF4C6B-B1EB-43CD-A623-D885751F5432}.Debug|Any CPU.Build.0 = Debug|Any CPU
		{BEEF4C6B-B1EB-43CD-A623-D885751F5432}.Release|Any CPU.ActiveCfg = Release|Any CPU
		{BEEF4C6B-B1EB-43CD-A623-D885751F5432}.Release|Any CPU.Build.0 = Release|Any CPU
		{93C15A00-1CD3-43AA-A788-BBF3C9890CA8}.Debug|Any CPU.ActiveCfg = Debug|Any CPU
		{93C15A00-1CD3-43AA-A788-BBF3C9890CA8}.Debug|Any CPU.Build.0 = Debug|Any CPU
		{93C15A00-1CD3-43AA-A788-BBF3C9890CA8}.Release|Any CPU.ActiveCfg = Release|Any CPU
		{93C15A00-1CD3-43AA-A788-BBF3C9890CA8}.Release|Any CPU.Build.0 = Release|Any CPU
		{C3125976-D1C8-4B4B-8935-32DF67047D7C}.Debug|Any CPU.ActiveCfg = Debug|Any CPU
		{C3125976-D1C8-4B4B-8935-32DF67047D7C}.Debug|Any CPU.Build.0 = Debug|Any CPU
		{C3125976-D1C8-4B4B-8935-32DF67047D7C}.Release|Any CPU.ActiveCfg = Release|Any CPU
		{C3125976-D1C8-4B4B-8935-32DF67047D7C}.Release|Any CPU.Build.0 = Release|Any CPU
	EndGlobalSection
	GlobalSection(SolutionProperties) = preSolution
		HideSolutionNode = FALSE
	EndGlobalSection
	GlobalSection(ExtensibilityGlobals) = postSolution
		SolutionGuid = {9AE7A883-DB71-4E95-B3D0-ADE1EE32B483}
	EndGlobalSection
EndGlobal
